// !$*UTF8*$!
{
	archiveVersion = 1;
	classes = {
	};
	objectVersion = 56;
	objects = {

/* Begin PBXBuildFile section */
		CE6C99D32ABEECED009C1EE7 /* AppDelegate.swift in Sources */ = {isa = PBXBuildFile; fileRef = CE6C99D22ABEECED009C1EE7 /* AppDelegate.swift */; };
		CE6C99D52ABEECED009C1EE7 /* SceneDelegate.swift in Sources */ = {isa = PBXBuildFile; fileRef = CE6C99D42ABEECED009C1EE7 /* SceneDelegate.swift */; };
		CE6C99D72ABEECED009C1EE7 /* WeatherViewController.swift in Sources */ = {isa = PBXBuildFile; fileRef = CE6C99D62ABEECED009C1EE7 /* WeatherViewController.swift */; };
		CE6C99DC2ABEECEF009C1EE7 /* Assets.xcassets in Resources */ = {isa = PBXBuildFile; fileRef = CE6C99DB2ABEECEF009C1EE7 /* Assets.xcassets */; };
		CE6C99DF2ABEECEF009C1EE7 /* LaunchScreen.storyboard in Resources */ = {isa = PBXBuildFile; fileRef = CE6C99DD2ABEECEF009C1EE7 /* LaunchScreen.storyboard */; };
		CE6C99EE2ABEF45C009C1EE7 /* LocationManager.swift in Sources */ = {isa = PBXBuildFile; fileRef = CE6C99ED2ABEF45C009C1EE7 /* LocationManager.swift */; };
		CE6C99F02ABEF46E009C1EE7 /* iAPManager.swift in Sources */ = {isa = PBXBuildFile; fileRef = CE6C99EF2ABEF46E009C1EE7 /* iAPManager.swift */; };
		CE6C99F22ABEF47C009C1EE7 /* WeatherManager.swift in Sources */ = {isa = PBXBuildFile; fileRef = CE6C99F12ABEF47C009C1EE7 /* WeatherManager.swift */; };
		CE6C99F42ABEF5AA009C1EE7 /* SettingsViewController.swift in Sources */ = {isa = PBXBuildFile; fileRef = CE6C99F32ABEF5AA009C1EE7 /* SettingsViewController.swift */; };
		CE6C99F62ABEF5E1009C1EE7 /* TabViewController.swift in Sources */ = {isa = PBXBuildFile; fileRef = CE6C99F52ABEF5E1009C1EE7 /* TabViewController.swift */; };
		CE6C99F82ABEF8F1009C1EE7 /* Tab.swift in Sources */ = {isa = PBXBuildFile; fileRef = CE6C99F72ABEF8F1009C1EE7 /* Tab.swift */; };
		CE6C99FE2ABF0140009C1EE7 /* CurrentWeatherView.swift in Sources */ = {isa = PBXBuildFile; fileRef = CE6C99FD2ABF0140009C1EE7 /* CurrentWeatherView.swift */; };
		CE6C9A002ABF0185009C1EE7 /* SettingsView.swift in Sources */ = {isa = PBXBuildFile; fileRef = CE6C99FF2ABF0185009C1EE7 /* SettingsView.swift */; };
		CE6C9A022ABF8F72009C1EE7 /* SettingsViewViewModel.swift in Sources */ = {isa = PBXBuildFile; fileRef = CE6C9A012ABF8F72009C1EE7 /* SettingsViewViewModel.swift */; };
		CE6C9A042ABF9BA9009C1EE7 /* CurrentWeatherSection.swift in Sources */ = {isa = PBXBuildFile; fileRef = CE6C9A032ABF9BA9009C1EE7 /* CurrentWeatherSection.swift */; };
		CE6C9A082ABF9DE1009C1EE7 /* CurrentWeatherCollectionViewCell.swift in Sources */ = {isa = PBXBuildFile; fileRef = CE6C9A072ABF9DE1009C1EE7 /* CurrentWeatherCollectionViewCell.swift */; };
		CE6C9A0A2ABF9E5A009C1EE7 /* DailyWeatherCollectionViewCell.swift in Sources */ = {isa = PBXBuildFile; fileRef = CE6C9A092ABF9E5A009C1EE7 /* DailyWeatherCollectionViewCell.swift */; };
		CE6C9A0C2ABF9E69009C1EE7 /* HourlyWeatherCollectionViewCell.swift in Sources */ = {isa = PBXBuildFile; fileRef = CE6C9A0B2ABF9E69009C1EE7 /* HourlyWeatherCollectionViewCell.swift */; };
/* End PBXBuildFile section */

/* Begin PBXFileReference section */
		CE6C99CF2ABEECED009C1EE7 /* brightsky.app */ = {isa = PBXFileReference; explicitFileType = wrapper.application; includeInIndex = 0; path = brightsky.app; sourceTree = BUILT_PRODUCTS_DIR; };
		CE6C99D22ABEECED009C1EE7 /* AppDelegate.swift */ = {isa = PBXFileReference; lastKnownFileType = sourcecode.swift; path = AppDelegate.swift; sourceTree = "<group>"; };
		CE6C99D42ABEECED009C1EE7 /* SceneDelegate.swift */ = {isa = PBXFileReference; lastKnownFileType = sourcecode.swift; path = SceneDelegate.swift; sourceTree = "<group>"; };
		CE6C99D62ABEECED009C1EE7 /* WeatherViewController.swift */ = {isa = PBXFileReference; lastKnownFileType = sourcecode.swift; path = WeatherViewController.swift; sourceTree = "<group>"; };
		CE6C99DB2ABEECEF009C1EE7 /* Assets.xcassets */ = {isa = PBXFileReference; lastKnownFileType = folder.assetcatalog; path = Assets.xcassets; sourceTree = "<group>"; };
		CE6C99DE2ABEECEF009C1EE7 /* Base */ = {isa = PBXFileReference; lastKnownFileType = file.storyboard; name = Base; path = Base.lproj/LaunchScreen.storyboard; sourceTree = "<group>"; };
		CE6C99E02ABEECEF009C1EE7 /* Info.plist */ = {isa = PBXFileReference; lastKnownFileType = text.plist.xml; path = Info.plist; sourceTree = "<group>"; };
		CE6C99E62ABEF0CA009C1EE7 /* brightskyDebug.entitlements */ = {isa = PBXFileReference; lastKnownFileType = text.plist.entitlements; path = brightskyDebug.entitlements; sourceTree = "<group>"; };
		CE6C99ED2ABEF45C009C1EE7 /* LocationManager.swift */ = {isa = PBXFileReference; lastKnownFileType = sourcecode.swift; path = LocationManager.swift; sourceTree = "<group>"; };
		CE6C99EF2ABEF46E009C1EE7 /* iAPManager.swift */ = {isa = PBXFileReference; lastKnownFileType = sourcecode.swift; path = iAPManager.swift; sourceTree = "<group>"; };
		CE6C99F12ABEF47C009C1EE7 /* WeatherManager.swift */ = {isa = PBXFileReference; lastKnownFileType = sourcecode.swift; path = WeatherManager.swift; sourceTree = "<group>"; };
		CE6C99F32ABEF5AA009C1EE7 /* SettingsViewController.swift */ = {isa = PBXFileReference; lastKnownFileType = sourcecode.swift; path = SettingsViewController.swift; sourceTree = "<group>"; };
		CE6C99F52ABEF5E1009C1EE7 /* TabViewController.swift */ = {isa = PBXFileReference; lastKnownFileType = sourcecode.swift; path = TabViewController.swift; sourceTree = "<group>"; };
		CE6C99F72ABEF8F1009C1EE7 /* Tab.swift */ = {isa = PBXFileReference; lastKnownFileType = sourcecode.swift; path = Tab.swift; sourceTree = "<group>"; };
		CE6C99FD2ABF0140009C1EE7 /* CurrentWeatherView.swift */ = {isa = PBXFileReference; lastKnownFileType = sourcecode.swift; path = CurrentWeatherView.swift; sourceTree = "<group>"; };
		CE6C99FF2ABF0185009C1EE7 /* SettingsView.swift */ = {isa = PBXFileReference; lastKnownFileType = sourcecode.swift; path = SettingsView.swift; sourceTree = "<group>"; };
		CE6C9A012ABF8F72009C1EE7 /* SettingsViewViewModel.swift */ = {isa = PBXFileReference; lastKnownFileType = sourcecode.swift; path = SettingsViewViewModel.swift; sourceTree = "<group>"; };
		CE6C9A032ABF9BA9009C1EE7 /* CurrentWeatherSection.swift */ = {isa = PBXFileReference; lastKnownFileType = sourcecode.swift; path = CurrentWeatherSection.swift; sourceTree = "<group>"; };
		CE6C9A072ABF9DE1009C1EE7 /* CurrentWeatherCollectionViewCell.swift */ = {isa = PBXFileReference; lastKnownFileType = sourcecode.swift; path = CurrentWeatherCollectionViewCell.swift; sourceTree = "<group>"; };
		CE6C9A092ABF9E5A009C1EE7 /* DailyWeatherCollectionViewCell.swift */ = {isa = PBXFileReference; lastKnownFileType = sourcecode.swift; path = DailyWeatherCollectionViewCell.swift; sourceTree = "<group>"; };
		CE6C9A0B2ABF9E69009C1EE7 /* HourlyWeatherCollectionViewCell.swift */ = {isa = PBXFileReference; lastKnownFileType = sourcecode.swift; path = HourlyWeatherCollectionViewCell.swift; sourceTree = "<group>"; };
/* End PBXFileReference section */

/* Begin PBXFrameworksBuildPhase section */
		CE6C99CC2ABEECED009C1EE7 /* Frameworks */ = {
			isa = PBXFrameworksBuildPhase;
			buildActionMask = 2147483647;
			files = (
			);
			runOnlyForDeploymentPostprocessing = 0;
		};
/* End PBXFrameworksBuildPhase section */

/* Begin PBXGroup section */
		CE6C99C62ABEECED009C1EE7 = {
			isa = PBXGroup;
			children = (
				CE6C99D12ABEECED009C1EE7 /* brightsky */,
				CE6C99D02ABEECED009C1EE7 /* Products */,
			);
			sourceTree = "<group>";
		};
		CE6C99D02ABEECED009C1EE7 /* Products */ = {
			isa = PBXGroup;
			children = (
				CE6C99CF2ABEECED009C1EE7 /* brightsky.app */,
			);
			name = Products;
			sourceTree = "<group>";
		};
		CE6C99D12ABEECED009C1EE7 /* brightsky */ = {
			isa = PBXGroup;
			children = (
				CE6C99EC2ABEF426009C1EE7 /* Managers */,
				CE6C99EB2ABEF3BA009C1EE7 /* Others */,
				CE6C99EA2ABEF392009C1EE7 /* Controllers */,
				CE6C99E92ABEF38E009C1EE7 /* Models */,
				CE6C99E82ABEF38A009C1EE7 /* ViewModels */,
				CE6C99E72ABEF37F009C1EE7 /* Views */,
				CE6C99E62ABEF0CA009C1EE7 /* brightskyDebug.entitlements */,
				CE6C99E02ABEECEF009C1EE7 /* Info.plist */,
			);
			path = brightsky;
			sourceTree = "<group>";
		};
		CE6C99E72ABEF37F009C1EE7 /* Views */ = {
			isa = PBXGroup;
			children = (
				CE6C9A052ABF9DB2009C1EE7 /* WeatherCells */,
				CE6C99FD2ABF0140009C1EE7 /* CurrentWeatherView.swift */,
				CE6C99FF2ABF0185009C1EE7 /* SettingsView.swift */,
			);
			path = Views;
			sourceTree = "<group>";
		};
		CE6C99E82ABEF38A009C1EE7 /* ViewModels */ = {
			isa = PBXGroup;
			children = (
				CE6C9A012ABF8F72009C1EE7 /* SettingsViewViewModel.swift */,
				CE6C9A032ABF9BA9009C1EE7 /* CurrentWeatherSection.swift */,
			);
			path = ViewModels;
			sourceTree = "<group>";
		};
		CE6C99E92ABEF38E009C1EE7 /* Models */ = {
			isa = PBXGroup;
			children = (
				CE6C99F72ABEF8F1009C1EE7 /* Tab.swift */,
			);
			path = Models;
			sourceTree = "<group>";
		};
		CE6C99EA2ABEF392009C1EE7 /* Controllers */ = {
			isa = PBXGroup;
			children = (
				CE6C99D62ABEECED009C1EE7 /* WeatherViewController.swift */,
				CE6C99F32ABEF5AA009C1EE7 /* SettingsViewController.swift */,
				CE6C99F52ABEF5E1009C1EE7 /* TabViewController.swift */,
			);
			path = Controllers;
			sourceTree = "<group>";
		};
		CE6C99EB2ABEF3BA009C1EE7 /* Others */ = {
			isa = PBXGroup;
			children = (
				CE6C99DB2ABEECEF009C1EE7 /* Assets.xcassets */,
				CE6C99DD2ABEECEF009C1EE7 /* LaunchScreen.storyboard */,
				CE6C99D22ABEECED009C1EE7 /* AppDelegate.swift */,
				CE6C99D42ABEECED009C1EE7 /* SceneDelegate.swift */,
			);
			path = Others;
			sourceTree = "<group>";
		};
		CE6C99EC2ABEF426009C1EE7 /* Managers */ = {
			isa = PBXGroup;
			children = (
				CE6C99ED2ABEF45C009C1EE7 /* LocationManager.swift */,
				CE6C99EF2ABEF46E009C1EE7 /* iAPManager.swift */,
				CE6C99F12ABEF47C009C1EE7 /* WeatherManager.swift */,
			);
			path = Managers;
			sourceTree = "<group>";
		};
		CE6C9A052ABF9DB2009C1EE7 /* WeatherCells */ = {
			isa = PBXGroup;
			children = (
				CE6C9A072ABF9DE1009C1EE7 /* CurrentWeatherCollectionViewCell.swift */,
				CE6C9A092ABF9E5A009C1EE7 /* DailyWeatherCollectionViewCell.swift */,
				CE6C9A0B2ABF9E69009C1EE7 /* HourlyWeatherCollectionViewCell.swift */,
			);
			path = WeatherCells;
			sourceTree = "<group>";
		};
/* End PBXGroup section */

/* Begin PBXNativeTarget section */
		CE6C99CE2ABEECED009C1EE7 /* brightsky */ = {
			isa = PBXNativeTarget;
			buildConfigurationList = CE6C99E32ABEECEF009C1EE7 /* Build configuration list for PBXNativeTarget "brightsky" */;
			buildPhases = (
				CE6C99CB2ABEECED009C1EE7 /* Sources */,
				CE6C99CC2ABEECED009C1EE7 /* Frameworks */,
				CE6C99CD2ABEECED009C1EE7 /* Resources */,
			);
			buildRules = (
			);
			dependencies = (
			);
			name = brightsky;
			productName = brightsky;
			productReference = CE6C99CF2ABEECED009C1EE7 /* brightsky.app */;
			productType = "com.apple.product-type.application";
		};
/* End PBXNativeTarget section */

/* Begin PBXProject section */
		CE6C99C72ABEECED009C1EE7 /* Project object */ = {
			isa = PBXProject;
			attributes = {
				BuildIndependentTargetsInParallel = 1;
				LastSwiftUpdateCheck = 1430;
				LastUpgradeCheck = 1430;
				TargetAttributes = {
					CE6C99CE2ABEECED009C1EE7 = {
						CreatedOnToolsVersion = 14.3.1;
					};
				};
			};
			buildConfigurationList = CE6C99CA2ABEECED009C1EE7 /* Build configuration list for PBXProject "brightsky" */;
			compatibilityVersion = "Xcode 14.0";
			developmentRegion = en;
			hasScannedForEncodings = 0;
			knownRegions = (
				en,
				Base,
			);
			mainGroup = CE6C99C62ABEECED009C1EE7;
			productRefGroup = CE6C99D02ABEECED009C1EE7 /* Products */;
			projectDirPath = "";
			projectRoot = "";
			targets = (
				CE6C99CE2ABEECED009C1EE7 /* brightsky */,
			);
		};
/* End PBXProject section */

/* Begin PBXResourcesBuildPhase section */
		CE6C99CD2ABEECED009C1EE7 /* Resources */ = {
			isa = PBXResourcesBuildPhase;
			buildActionMask = 2147483647;
			files = (
				CE6C99DF2ABEECEF009C1EE7 /* LaunchScreen.storyboard in Resources */,
				CE6C99DC2ABEECEF009C1EE7 /* Assets.xcassets in Resources */,
			);
			runOnlyForDeploymentPostprocessing = 0;
		};
/* End PBXResourcesBuildPhase section */

/* Begin PBXSourcesBuildPhase section */
		CE6C99CB2ABEECED009C1EE7 /* Sources */ = {
			isa = PBXSourcesBuildPhase;
			buildActionMask = 2147483647;
			files = (
				CE6C99F62ABEF5E1009C1EE7 /* TabViewController.swift in Sources */,
				CE6C99F22ABEF47C009C1EE7 /* WeatherManager.swift in Sources */,
				CE6C9A042ABF9BA9009C1EE7 /* CurrentWeatherSection.swift in Sources */,
				CE6C9A022ABF8F72009C1EE7 /* SettingsViewViewModel.swift in Sources */,
				CE6C99EE2ABEF45C009C1EE7 /* LocationManager.swift in Sources */,
				CE6C99FE2ABF0140009C1EE7 /* CurrentWeatherView.swift in Sources */,
				CE6C99F42ABEF5AA009C1EE7 /* SettingsViewController.swift in Sources */,
				CE6C99D72ABEECED009C1EE7 /* WeatherViewController.swift in Sources */,
				CE6C99F02ABEF46E009C1EE7 /* iAPManager.swift in Sources */,
				CE6C99F82ABEF8F1009C1EE7 /* Tab.swift in Sources */,
				CE6C9A0C2ABF9E69009C1EE7 /* HourlyWeatherCollectionViewCell.swift in Sources */,
				CE6C99D32ABEECED009C1EE7 /* AppDelegate.swift in Sources */,
				CE6C99D52ABEECED009C1EE7 /* SceneDelegate.swift in Sources */,
				CE6C9A002ABF0185009C1EE7 /* SettingsView.swift in Sources */,
				CE6C9A0A2ABF9E5A009C1EE7 /* DailyWeatherCollectionViewCell.swift in Sources */,
				CE6C9A082ABF9DE1009C1EE7 /* CurrentWeatherCollectionViewCell.swift in Sources */,
			);
			runOnlyForDeploymentPostprocessing = 0;
		};
/* End PBXSourcesBuildPhase section */

/* Begin PBXVariantGroup section */
		CE6C99DD2ABEECEF009C1EE7 /* LaunchScreen.storyboard */ = {
			isa = PBXVariantGroup;
			children = (
				CE6C99DE2ABEECEF009C1EE7 /* Base */,
			);
			name = LaunchScreen.storyboard;
			sourceTree = "<group>";
		};
/* End PBXVariantGroup section */

/* Begin XCBuildConfiguration section */
		CE6C99E12ABEECEF009C1EE7 /* Debug */ = {
			isa = XCBuildConfiguration;
			buildSettings = {
				ALWAYS_SEARCH_USER_PATHS = NO;
				CLANG_ANALYZER_NONNULL = YES;
				CLANG_ANALYZER_NUMBER_OBJECT_CONVERSION = YES_AGGRESSIVE;
				CLANG_CXX_LANGUAGE_STANDARD = "gnu++20";
				CLANG_ENABLE_MODULES = YES;
				CLANG_ENABLE_OBJC_ARC = YES;
				CLANG_ENABLE_OBJC_WEAK = YES;
				CLANG_WARN_BLOCK_CAPTURE_AUTORELEASING = YES;
				CLANG_WARN_BOOL_CONVERSION = YES;
				CLANG_WARN_COMMA = YES;
				CLANG_WARN_CONSTANT_CONVERSION = YES;
				CLANG_WARN_DEPRECATED_OBJC_IMPLEMENTATIONS = YES;
				CLANG_WARN_DIRECT_OBJC_ISA_USAGE = YES_ERROR;
				CLANG_WARN_DOCUMENTATION_COMMENTS = YES;
				CLANG_WARN_EMPTY_BODY = YES;
				CLANG_WARN_ENUM_CONVERSION = YES;
				CLANG_WARN_INFINITE_RECURSION = YES;
				CLANG_WARN_INT_CONVERSION = YES;
				CLANG_WARN_NON_LITERAL_NULL_CONVERSION = YES;
				CLANG_WARN_OBJC_IMPLICIT_RETAIN_SELF = YES;
				CLANG_WARN_OBJC_LITERAL_CONVERSION = YES;
				CLANG_WARN_OBJC_ROOT_CLASS = YES_ERROR;
				CLANG_WARN_QUOTED_INCLUDE_IN_FRAMEWORK_HEADER = YES;
				CLANG_WARN_RANGE_LOOP_ANALYSIS = YES;
				CLANG_WARN_STRICT_PROTOTYPES = YES;
				CLANG_WARN_SUSPICIOUS_MOVE = YES;
				CLANG_WARN_UNGUARDED_AVAILABILITY = YES_AGGRESSIVE;
				CLANG_WARN_UNREACHABLE_CODE = YES;
				CLANG_WARN__DUPLICATE_METHOD_MATCH = YES;
				COPY_PHASE_STRIP = NO;
				DEBUG_INFORMATION_FORMAT = dwarf;
				ENABLE_STRICT_OBJC_MSGSEND = YES;
				ENABLE_TESTABILITY = YES;
				GCC_C_LANGUAGE_STANDARD = gnu11;
				GCC_DYNAMIC_NO_PIC = NO;
				GCC_NO_COMMON_BLOCKS = YES;
				GCC_OPTIMIZATION_LEVEL = 0;
				GCC_PREPROCESSOR_DEFINITIONS = (
					"DEBUG=1",
					"$(inherited)",
				);
				GCC_WARN_64_TO_32_BIT_CONVERSION = YES;
				GCC_WARN_ABOUT_RETURN_TYPE = YES_ERROR;
				GCC_WARN_UNDECLARED_SELECTOR = YES;
				GCC_WARN_UNINITIALIZED_AUTOS = YES_AGGRESSIVE;
				GCC_WARN_UNUSED_FUNCTION = YES;
				GCC_WARN_UNUSED_VARIABLE = YES;
				IPHONEOS_DEPLOYMENT_TARGET = 16.4;
				MTL_ENABLE_DEBUG_INFO = INCLUDE_SOURCE;
				MTL_FAST_MATH = YES;
				ONLY_ACTIVE_ARCH = YES;
				SDKROOT = iphoneos;
				SWIFT_ACTIVE_COMPILATION_CONDITIONS = DEBUG;
				SWIFT_OPTIMIZATION_LEVEL = "-Onone";
			};
			name = Debug;
		};
		CE6C99E22ABEECEF009C1EE7 /* Release */ = {
			isa = XCBuildConfiguration;
			buildSettings = {
				ALWAYS_SEARCH_USER_PATHS = NO;
				CLANG_ANALYZER_NONNULL = YES;
				CLANG_ANALYZER_NUMBER_OBJECT_CONVERSION = YES_AGGRESSIVE;
				CLANG_CXX_LANGUAGE_STANDARD = "gnu++20";
				CLANG_ENABLE_MODULES = YES;
				CLANG_ENABLE_OBJC_ARC = YES;
				CLANG_ENABLE_OBJC_WEAK = YES;
				CLANG_WARN_BLOCK_CAPTURE_AUTORELEASING = YES;
				CLANG_WARN_BOOL_CONVERSION = YES;
				CLANG_WARN_COMMA = YES;
				CLANG_WARN_CONSTANT_CONVERSION = YES;
				CLANG_WARN_DEPRECATED_OBJC_IMPLEMENTATIONS = YES;
				CLANG_WARN_DIRECT_OBJC_ISA_USAGE = YES_ERROR;
				CLANG_WARN_DOCUMENTATION_COMMENTS = YES;
				CLANG_WARN_EMPTY_BODY = YES;
				CLANG_WARN_ENUM_CONVERSION = YES;
				CLANG_WARN_INFINITE_RECURSION = YES;
				CLANG_WARN_INT_CONVERSION = YES;
				CLANG_WARN_NON_LITERAL_NULL_CONVERSION = YES;
				CLANG_WARN_OBJC_IMPLICIT_RETAIN_SELF = YES;
				CLANG_WARN_OBJC_LITERAL_CONVERSION = YES;
				CLANG_WARN_OBJC_ROOT_CLASS = YES_ERROR;
				CLANG_WARN_QUOTED_INCLUDE_IN_FRAMEWORK_HEADER = YES;
				CLANG_WARN_RANGE_LOOP_ANALYSIS = YES;
				CLANG_WARN_STRICT_PROTOTYPES = YES;
				CLANG_WARN_SUSPICIOUS_MOVE = YES;
				CLANG_WARN_UNGUARDED_AVAILABILITY = YES_AGGRESSIVE;
				CLANG_WARN_UNREACHABLE_CODE = YES;
				CLANG_WARN__DUPLICATE_METHOD_MATCH = YES;
				COPY_PHASE_STRIP = NO;
				DEBUG_INFORMATION_FORMAT = "dwarf-with-dsym";
				ENABLE_NS_ASSERTIONS = NO;
				ENABLE_STRICT_OBJC_MSGSEND = YES;
				GCC_C_LANGUAGE_STANDARD = gnu11;
				GCC_NO_COMMON_BLOCKS = YES;
				GCC_WARN_64_TO_32_BIT_CONVERSION = YES;
				GCC_WARN_ABOUT_RETURN_TYPE = YES_ERROR;
				GCC_WARN_UNDECLARED_SELECTOR = YES;
				GCC_WARN_UNINITIALIZED_AUTOS = YES_AGGRESSIVE;
				GCC_WARN_UNUSED_FUNCTION = YES;
				GCC_WARN_UNUSED_VARIABLE = YES;
				IPHONEOS_DEPLOYMENT_TARGET = 16.4;
				MTL_ENABLE_DEBUG_INFO = NO;
				MTL_FAST_MATH = YES;
				SDKROOT = iphoneos;
				SWIFT_COMPILATION_MODE = wholemodule;
				SWIFT_OPTIMIZATION_LEVEL = "-O";
				VALIDATE_PRODUCT = YES;
			};
			name = Release;
		};
		CE6C99E42ABEECEF009C1EE7 /* Debug */ = {
			isa = XCBuildConfiguration;
			buildSettings = {
				ASSETCATALOG_COMPILER_APPICON_NAME = AppIcon;
				ASSETCATALOG_COMPILER_GLOBAL_ACCENT_COLOR_NAME = AccentColor;
				CODE_SIGN_ENTITLEMENTS = brightsky/brightskyDebug.entitlements;
				CODE_SIGN_STYLE = Automatic;
				CURRENT_PROJECT_VERSION = 1;
				DEVELOPMENT_TEAM = "";
				GENERATE_INFOPLIST_FILE = YES;
				INFOPLIST_FILE = brightsky/Info.plist;
				INFOPLIST_KEY_UIApplicationSupportsIndirectInputEvents = YES;
				INFOPLIST_KEY_UILaunchStoryboardName = LaunchScreen;
				INFOPLIST_KEY_UISupportedInterfaceOrientations_iPad = "UIInterfaceOrientationPortrait UIInterfaceOrientationPortraitUpsideDown UIInterfaceOrientationLandscapeLeft UIInterfaceOrientationLandscapeRight";
				INFOPLIST_KEY_UISupportedInterfaceOrientations_iPhone = "UIInterfaceOrientationPortrait UIInterfaceOrientationLandscapeLeft UIInterfaceOrientationLandscapeRight";
				LD_RUNPATH_SEARCH_PATHS = (
					"$(inherited)",
					"@executable_path/Frameworks",
				);
				MARKETING_VERSION = 1.0;
				PRODUCT_BUNDLE_IDENTIFIER = com.wswaileh.brightsky;
				PRODUCT_NAME = "$(TARGET_NAME)";
				SWIFT_EMIT_LOC_STRINGS = YES;
				SWIFT_VERSION = 5.0;
				TARGETED_DEVICE_FAMILY = "1,2";
			};
			name = Debug;
		};
		CE6C99E52ABEECEF009C1EE7 /* Release */ = {
			isa = XCBuildConfiguration;
			buildSettings = {
				ASSETCATALOG_COMPILER_APPICON_NAME = AppIcon;
				ASSETCATALOG_COMPILER_GLOBAL_ACCENT_COLOR_NAME = AccentColor;
				CODE_SIGN_STYLE = Automatic;
				CURRENT_PROJECT_VERSION = 1;
				DEVELOPMENT_TEAM = Q7VRXBQWY2;
				GENERATE_INFOPLIST_FILE = YES;
				INFOPLIST_FILE = brightsky/Info.plist;
				INFOPLIST_KEY_UIApplicationSupportsIndirectInputEvents = YES;
				INFOPLIST_KEY_UILaunchStoryboardName = LaunchScreen;
				INFOPLIST_KEY_UISupportedInterfaceOrientations_iPad = "UIInterfaceOrientationPortrait UIInterfaceOrientationPortraitUpsideDown UIInterfaceOrientationLandscapeLeft UIInterfaceOrientationLandscapeRight";
				INFOPLIST_KEY_UISupportedInterfaceOrientations_iPhone = "UIInterfaceOrientationPortrait UIInterfaceOrientationLandscapeLeft UIInterfaceOrientationLandscapeRight";
				LD_RUNPATH_SEARCH_PATHS = (
					"$(inherited)",
					"@executable_path/Frameworks",
				);
				MARKETING_VERSION = 1.0;
				PRODUCT_BUNDLE_IDENTIFIER = com.swaileh.brightsky;
				PRODUCT_NAME = "$(TARGET_NAME)";
				SWIFT_EMIT_LOC_STRINGS = YES;
				SWIFT_VERSION = 5.0;
				TARGETED_DEVICE_FAMILY = "1,2";
			};
			name = Release;
		};
/* End XCBuildConfiguration section */

/* Begin XCConfigurationList section */
		CE6C99CA2ABEECED009C1EE7 /* Build configuration list for PBXProject "brightsky" */ = {
			isa = XCConfigurationList;
			buildConfigurations = (
				CE6C99E12ABEECEF009C1EE7 /* Debug */,
				CE6C99E22ABEECEF009C1EE7 /* Release */,
			);
			defaultConfigurationIsVisible = 0;
			defaultConfigurationName = Release;
		};
		CE6C99E32ABEECEF009C1EE7 /* Build configuration list for PBXNativeTarget "brightsky" */ = {
			isa = XCConfigurationList;
			buildConfigurations = (
				CE6C99E42ABEECEF009C1EE7 /* Debug */,
				CE6C99E52ABEECEF009C1EE7 /* Release */,
			);
			defaultConfigurationIsVisible = 0;
			defaultConfigurationName = Release;
		};
/* End XCConfigurationList section */
	};
	rootObject = CE6C99C72ABEECED009C1EE7 /* Project object */;
}
